
Microsoft Visual Studio Solution File, Format Version 12.00
# Visual Studio Version 17
VisualStudioVersion = 17.4.33213.308
MinimumVisualStudioVersion = 10.0.40219.1
Project("{FAE04EC0-301F-11D3-BF4B-00C04F79EFBC}") = "Data_types", "Data_types\Data_types.csproj", "{62D0B445-7396-4CE0-94B9-AA1DBE1CCB0B}"
EndProject
Global
	GlobalSection(SolutionConfigurationPlatforms) = preSolution
		Debug|Any CPU = Debug|Any CPU
		Release|Any CPU = Release|Any CPU
	EndGlobalSection
	GlobalSection(ProjectConfigurationPlatforms) = postSolution
		{62D0B445-7396-4CE0-94B9-AA1DBE1CCB0B}.Debug|Any CPU.ActiveCfg = Debug|Any CPU
		{62D0B445-7396-4CE0-94B9-AA1DBE1CCB0B}.Debug|Any CPU.Build.0 = Debug|Any CPU
		{62D0B445-7396-4CE0-94B9-AA1DBE1CCB0B}.Release|Any CPU.ActiveCfg = Release|Any CPU
		{62D0B445-7396-4CE0-94B9-AA1DBE1CCB0B}.Release|Any CPU.Build.0 = Release|Any CPU
	EndGlobalSection
	GlobalSection(SolutionProperties) = preSolution
		HideSolutionNode = FALSE
	EndGlobalSection
	GlobalSection(ExtensibilityGlobals) = postSolution
		SolutionGuid = {7A7D1799-B06B-41CF-B27E-1BDE12C99FE2}
	EndGlobalSection
EndGlobal
